
Microsoft Visual Studio Solution File, Format Version 12.00
# Visual Studio Version 17
VisualStudioVersion = 17.1.32407.343
MinimumVisualStudioVersion = 10.0.40219.1
Project("{FAE04EC0-301F-11D3-BF4B-00C04F79EFBC}") = "Oculus.Platform", "Oculus.Platform.csproj", "{BFE9CB0D-F657-36C0-9491-340FC317CB13}"
EndProject
Project("{FAE04EC0-301F-11D3-BF4B-00C04F79EFBC}") = "Assembly-CSharp", "Assembly-CSharp.csproj", "{DAD55B4C-793F-494F-0A31-0C897E2B8A63}"
EndProject
Project("{FAE04EC0-301F-11D3-BF4B-00C04F79EFBC}") = "Oculus.Spatializer", "Oculus.Spatializer.csproj", "{A30C266B-E30F-D788-0567-C29C67A0CFA5}"
EndProject
Project("{FAE04EC0-301F-11D3-BF4B-00C04F79EFBC}") = "Oculus.Interaction", "Oculus.Interaction.csproj", "{EC25108A-A9E8-99BF-6D22-E42221A235AE}"
EndProject
Project("{FAE04EC0-301F-11D3-BF4B-00C04F79EFBC}") = "Oculus.VR", "Oculus.VR.csproj", "{359FB938-9C50-3A55-8BE7-EE5A3E2FC92A}"
EndProject
Project("{FAE04EC0-301F-11D3-BF4B-00C04F79EFBC}") = "Oculus.Interaction.Samples", "Oculus.Interaction.Samples.csproj", "{EA47F516-58C6-C8B6-4E8E-50D4C5AC681B}"
EndProject
Project("{FAE04EC0-301F-11D3-BF4B-00C04F79EFBC}") = "Facebook.WitAI", "Facebook.WitAI.csproj", "{B5D05E15-249D-B429-1348-A5CA5A851415}"
EndProject
Project("{FAE04EC0-301F-11D3-BF4B-00C04F79EFBC}") = "Oculus.AudioManager", "Oculus.AudioManager.csproj", "{8C4BE05D-981B-0E72-92CB-CA50ADFC2789}"
EndProject
Project("{FAE04EC0-301F-11D3-BF4B-00C04F79EFBC}") = "VoiceSDK.Runtime", "VoiceSDK.Runtime.csproj", "{7C747E8B-B110-A662-B559-2F5172DF622C}"
EndProject
Project("{FAE04EC0-301F-11D3-BF4B-00C04F79EFBC}") = "AssistantCoreSDKRuntime", "AssistantCoreSDKRuntime.csproj", "{777E10B2-AC58-2332-29F5-77BBD70A52EE}"
EndProject
Project("{FAE04EC0-301F-11D3-BF4B-00C04F79EFBC}") = "Runtime", "Runtime.csproj", "{870C7889-972A-78E7-1D3B-A7B2804B453A}"
EndProject
Project("{FAE04EC0-301F-11D3-BF4B-00C04F79EFBC}") = "Oculus.LipSync", "Oculus.LipSync.csproj", "{9B7FA81A-A1C8-2B34-147E-C153B882CC6E}"
EndProject
Project("{FAE04EC0-301F-11D3-BF4B-00C04F79EFBC}") = "Oculus.Interaction.Editor", "Oculus.Interaction.Editor.csproj", "{48364277-6FDB-A95D-8F4C-FC91BFB81B9F}"
EndProject
Project("{FAE04EC0-301F-11D3-BF4B-00C04F79EFBC}") = "Facebook.Wit.Editor", "Facebook.Wit.Editor.csproj", "{1555615D-C559-EE9C-4144-D53D94FBF79C}"
EndProject
Project("{FAE04EC0-301F-11D3-BF4B-00C04F79EFBC}") = "Oculus.Spatializer.Editor", "Oculus.Spatializer.Editor.csproj", "{B999F444-2D03-D83F-F150-7CC26C1BC207}"
EndProject
Project("{FAE04EC0-301F-11D3-BF4B-00C04F79EFBC}") = "Assembly-CSharp-Editor", "Assembly-CSharp-Editor.csproj", "{E7E52540-387F-0140-D5CF-81B94403ED33}"
EndProject
Project("{FAE04EC0-301F-11D3-BF4B-00C04F79EFBC}") = "Oculus.VR.Editor", "Oculus.VR.Editor.csproj", "{78AE2B15-7E18-254B-3213-8EFEE496D287}"
EndProject
Project("{FAE04EC0-301F-11D3-BF4B-00C04F79EFBC}") = "VoiceSDK.Editor", "VoiceSDK.Editor.csproj", "{DF1789ED-80A1-53A5-25EE-09266935DB1D}"
EndProject
Project("{FAE04EC0-301F-11D3-BF4B-00C04F79EFBC}") = "Oculus.Platform.Editor", "Oculus.Platform.Editor.csproj", "{C6351564-3A6C-9470-29A4-A9157A903B4E}"
EndProject
Project("{FAE04EC0-301F-11D3-BF4B-00C04F79EFBC}") = "Oculus.AudioManager.Audio.Editor", "Oculus.AudioManager.Audio.Editor.csproj", "{9F541647-FFC1-143A-0C9F-388FB0F7CAD5}"
EndProject
Project("{FAE04EC0-301F-11D3-BF4B-00C04F79EFBC}") = "Oculus.Interaction.InterfaceSupport", "Oculus.Interaction.InterfaceSupport.csproj", "{E91E74DD-7DA0-89F0-804D-C5D784588971}"
EndProject
Project("{FAE04EC0-301F-11D3-BF4B-00C04F79EFBC}") = "Oculus.VR.Scripts.Editor", "Oculus.VR.Scripts.Editor.csproj", "{9E2D9635-7560-FB82-EF0D-A1C2F4CF96CD}"
EndProject
Project("{FAE04EC0-301F-11D3-BF4B-00C04F79EFBC}") = "Oculus.LipSync.Editor", "Oculus.LipSync.Editor.csproj", "{562A749B-1BDB-C7DD-404E-93516AC3E435}"
EndProject
Project("{FAE04EC0-301F-11D3-BF4B-00C04F79EFBC}") = "AssistantCoreSDKEditor", "AssistantCoreSDKEditor.csproj", "{5E699407-AFD7-0759-94AB-B172BAC5FC9A}"
EndProject
Project("{FAE04EC0-301F-11D3-BF4B-00C04F79EFBC}") = "Oculus.AudioManager.Utils.Editor", "Oculus.AudioManager.Utils.Editor.csproj", "{3CB5ED58-2140-E694-6CC5-432ACB329D80}"
EndProject
Global
	GlobalSection(SolutionConfigurationPlatforms) = preSolution
		Debug|Any CPU = Debug|Any CPU
		Release|Any CPU = Release|Any CPU
	EndGlobalSection
	GlobalSection(ProjectConfigurationPlatforms) = postSolution
		{BFE9CB0D-F657-36C0-9491-340FC317CB13}.Debug|Any CPU.ActiveCfg = Debug|Any CPU
		{BFE9CB0D-F657-36C0-9491-340FC317CB13}.Debug|Any CPU.Build.0 = Debug|Any CPU
		{BFE9CB0D-F657-36C0-9491-340FC317CB13}.Release|Any CPU.ActiveCfg = Release|Any CPU
		{BFE9CB0D-F657-36C0-9491-340FC317CB13}.Release|Any CPU.Build.0 = Release|Any CPU
		{DAD55B4C-793F-494F-0A31-0C897E2B8A63}.Debug|Any CPU.ActiveCfg = Debug|Any CPU
		{DAD55B4C-793F-494F-0A31-0C897E2B8A63}.Debug|Any CPU.Build.0 = Debug|Any CPU
		{DAD55B4C-793F-494F-0A31-0C897E2B8A63}.Release|Any CPU.ActiveCfg = Release|Any CPU
		{DAD55B4C-793F-494F-0A31-0C897E2B8A63}.Release|Any CPU.Build.0 = Release|Any CPU
		{A30C266B-E30F-D788-0567-C29C67A0CFA5}.Debug|Any CPU.ActiveCfg = Debug|Any CPU
		{A30C266B-E30F-D788-0567-C29C67A0CFA5}.Debug|Any CPU.Build.0 = Debug|Any CPU
		{A30C266B-E30F-D788-0567-C29C67A0CFA5}.Release|Any CPU.ActiveCfg = Release|Any CPU
		{A30C266B-E30F-D788-0567-C29C67A0CFA5}.Release|Any CPU.Build.0 = Release|Any CPU
		{EC25108A-A9E8-99BF-6D22-E42221A235AE}.Debug|Any CPU.ActiveCfg = Debug|Any CPU
		{EC25108A-A9E8-99BF-6D22-E42221A235AE}.Debug|Any CPU.Build.0 = Debug|Any CPU
		{EC25108A-A9E8-99BF-6D22-E42221A235AE}.Release|Any CPU.ActiveCfg = Release|Any CPU
		{EC25108A-A9E8-99BF-6D22-E42221A235AE}.Release|Any CPU.Build.0 = Release|Any CPU
		{359FB938-9C50-3A55-8BE7-EE5A3E2FC92A}.Debug|Any CPU.ActiveCfg = Debug|Any CPU
		{359FB938-9C50-3A55-8BE7-EE5A3E2FC92A}.Debug|Any CPU.Build.0 = Debug|Any CPU
		{359FB938-9C50-3A55-8BE7-EE5A3E2FC92A}.Release|Any CPU.ActiveCfg = Release|Any CPU
		{359FB938-9C50-3A55-8BE7-EE5A3E2FC92A}.Release|Any CPU.Build.0 = Release|Any CPU
		{EA47F516-58C6-C8B6-4E8E-50D4C5AC681B}.Debug|Any CPU.ActiveCfg = Debug|Any CPU
		{EA47F516-58C6-C8B6-4E8E-50D4C5AC681B}.Debug|Any CPU.Build.0 = Debug|Any CPU
		{EA47F516-58C6-C8B6-4E8E-50D4C5AC681B}.Release|Any CPU.ActiveCfg = Release|Any CPU
		{EA47F516-58C6-C8B6-4E8E-50D4C5AC681B}.Release|Any CPU.Build.0 = Release|Any CPU
		{B5D05E15-249D-B429-1348-A5CA5A851415}.Debug|Any CPU.ActiveCfg = Debug|Any CPU
		{B5D05E15-249D-B429-1348-A5CA5A851415}.Debug|Any CPU.Build.0 = Debug|Any CPU
		{B5D05E15-249D-B429-1348-A5CA5A851415}.Release|Any CPU.ActiveCfg = Release|Any CPU
		{B5D05E15-249D-B429-1348-A5CA5A851415}.Release|Any CPU.Build.0 = Release|Any CPU
		{8C4BE05D-981B-0E72-92CB-CA50ADFC2789}.Debug|Any CPU.ActiveCfg = Debug|Any CPU
		{8C4BE05D-981B-0E72-92CB-CA50ADFC2789}.Debug|Any CPU.Build.0 = Debug|Any CPU
		{8C4BE05D-981B-0E72-92CB-CA50ADFC2789}.Release|Any CPU.ActiveCfg = Release|Any CPU
		{8C4BE05D-981B-0E72-92CB-CA50ADFC2789}.Release|Any CPU.Build.0 = Release|Any CPU
		{7C747E8B-B110-A662-B559-2F5172DF622C}.Debug|Any CPU.ActiveCfg = Debug|Any CPU
		{7C747E8B-B110-A662-B559-2F5172DF622C}.Debug|Any CPU.Build.0 = Debug|Any CPU
		{7C747E8B-B110-A662-B559-2F5172DF622C}.Release|Any CPU.ActiveCfg = Release|Any CPU
		{7C747E8B-B110-A662-B559-2F5172DF622C}.Release|Any CPU.Build.0 = Release|Any CPU
		{777E10B2-AC58-2332-29F5-77BBD70A52EE}.Debug|Any CPU.ActiveCfg = Debug|Any CPU
		{777E10B2-AC58-2332-29F5-77BBD70A52EE}.Debug|Any CPU.Build.0 = Debug|Any CPU
		{777E10B2-AC58-2332-29F5-77BBD70A52EE}.Release|Any CPU.ActiveCfg = Release|Any CPU
		{777E10B2-AC58-2332-29F5-77BBD70A52EE}.Release|Any CPU.Build.0 = Release|Any CPU
		{870C7889-972A-78E7-1D3B-A7B2804B453A}.Debug|Any CPU.ActiveCfg = Debug|Any CPU
		{870C7889-972A-78E7-1D3B-A7B2804B453A}.Debug|Any CPU.Build.0 = Debug|Any CPU
		{870C7889-972A-78E7-1D3B-A7B2804B453A}.Release|Any CPU.ActiveCfg = Release|Any CPU
		{870C7889-972A-78E7-1D3B-A7B2804B453A}.Release|Any CPU.Build.0 = Release|Any CPU
		{9B7FA81A-A1C8-2B34-147E-C153B882CC6E}.Debug|Any CPU.ActiveCfg = Debug|Any CPU
		{9B7FA81A-A1C8-2B34-147E-C153B882CC6E}.Debug|Any CPU.Build.0 = Debug|Any CPU
		{9B7FA81A-A1C8-2B34-147E-C153B882CC6E}.Release|Any CPU.ActiveCfg = Release|Any CPU
		{9B7FA81A-A1C8-2B34-147E-C153B882CC6E}.Release|Any CPU.Build.0 = Release|Any CPU
		{48364277-6FDB-A95D-8F4C-FC91BFB81B9F}.Debug|Any CPU.ActiveCfg = Debug|Any CPU
		{48364277-6FDB-A95D-8F4C-FC91BFB81B9F}.Debug|Any CPU.Build.0 = Debug|Any CPU
		{48364277-6FDB-A95D-8F4C-FC91BFB81B9F}.Release|Any CPU.ActiveCfg = Release|Any CPU
		{48364277-6FDB-A95D-8F4C-FC91BFB81B9F}.Release|Any CPU.Build.0 = Release|Any CPU
		{1555615D-C559-EE9C-4144-D53D94FBF79C}.Debug|Any CPU.ActiveCfg = Debug|Any CPU
		{1555615D-C559-EE9C-4144-D53D94FBF79C}.Debug|Any CPU.Build.0 = Debug|Any CPU
		{1555615D-C559-EE9C-4144-D53D94FBF79C}.Release|Any CPU.ActiveCfg = Release|Any CPU
		{1555615D-C559-EE9C-4144-D53D94FBF79C}.Release|Any CPU.Build.0 = Release|Any CPU
		{B999F444-2D03-D83F-F150-7CC26C1BC207}.Debug|Any CPU.ActiveCfg = Debug|Any CPU
		{B999F444-2D03-D83F-F150-7CC26C1BC207}.Debug|Any CPU.Build.0 = Debug|Any CPU
		{B999F444-2D03-D83F-F150-7CC26C1BC207}.Release|Any CPU.ActiveCfg = Release|Any CPU
		{B999F444-2D03-D83F-F150-7CC26C1BC207}.Release|Any CPU.Build.0 = Release|Any CPU
		{E7E52540-387F-0140-D5CF-81B94403ED33}.Debug|Any CPU.ActiveCfg = Debug|Any CPU
		{E7E52540-387F-0140-D5CF-81B94403ED33}.Debug|Any CPU.Build.0 = Debug|Any CPU
		{E7E52540-387F-0140-D5CF-81B94403ED33}.Release|Any CPU.ActiveCfg = Release|Any CPU
		{E7E52540-387F-0140-D5CF-81B94403ED33}.Release|Any CPU.Build.0 = Release|Any CPU
		{78AE2B15-7E18-254B-3213-8EFEE496D287}.Debug|Any CPU.ActiveCfg = Debug|Any CPU
		{78AE2B15-7E18-254B-3213-8EFEE496D287}.Debug|Any CPU.Build.0 = Debug|Any CPU
		{78AE2B15-7E18-254B-3213-8EFEE496D287}.Release|Any CPU.ActiveCfg = Release|Any CPU
		{78AE2B15-7E18-254B-3213-8EFEE496D287}.Release|Any CPU.Build.0 = Release|Any CPU
		{DF1789ED-80A1-53A5-25EE-09266935DB1D}.Debug|Any CPU.ActiveCfg = Debug|Any CPU
		{DF1789ED-80A1-53A5-25EE-09266935DB1D}.Debug|Any CPU.Build.0 = Debug|Any CPU
		{DF1789ED-80A1-53A5-25EE-09266935DB1D}.Release|Any CPU.ActiveCfg = Release|Any CPU
		{DF1789ED-80A1-53A5-25EE-09266935DB1D}.Release|Any CPU.Build.0 = Release|Any CPU
		{C6351564-3A6C-9470-29A4-A9157A903B4E}.Debug|Any CPU.ActiveCfg = Debug|Any CPU
		{C6351564-3A6C-9470-29A4-A9157A903B4E}.Debug|Any CPU.Build.0 = Debug|Any CPU
		{C6351564-3A6C-9470-29A4-A9157A903B4E}.Release|Any CPU.ActiveCfg = Release|Any CPU
		{C6351564-3A6C-9470-29A4-A9157A903B4E}.Release|Any CPU.Build.0 = Release|Any CPU
		{9F541647-FFC1-143A-0C9F-388FB0F7CAD5}.Debug|Any CPU.ActiveCfg = Debug|Any CPU
		{9F541647-FFC1-143A-0C9F-388FB0F7CAD5}.Debug|Any CPU.Build.0 = Debug|Any CPU
		{9F541647-FFC1-143A-0C9F-388FB0F7CAD5}.Release|Any CPU.ActiveCfg = Release|Any CPU
		{9F541647-FFC1-143A-0C9F-388FB0F7CAD5}.Release|Any CPU.Build.0 = Release|Any CPU
		{E91E74DD-7DA0-89F0-804D-C5D784588971}.Debug|Any CPU.ActiveCfg = Debug|Any CPU
		{E91E74DD-7DA0-89F0-804D-C5D784588971}.Debug|Any CPU.Build.0 = Debug|Any CPU
		{E91E74DD-7DA0-89F0-804D-C5D784588971}.Release|Any CPU.ActiveCfg = Release|Any CPU
		{E91E74DD-7DA0-89F0-804D-C5D784588971}.Release|Any CPU.Build.0 = Release|Any CPU
		{9E2D9635-7560-FB82-EF0D-A1C2F4CF96CD}.Debug|Any CPU.ActiveCfg = Debug|Any CPU
		{9E2D9635-7560-FB82-EF0D-A1C2F4CF96CD}.Debug|Any CPU.Build.0 = Debug|Any CPU
		{9E2D9635-7560-FB82-EF0D-A1C2F4CF96CD}.Release|Any CPU.ActiveCfg = Release|Any CPU
		{9E2D9635-7560-FB82-EF0D-A1C2F4CF96CD}.Release|Any CPU.Build.0 = Release|Any CPU
		{562A749B-1BDB-C7DD-404E-93516AC3E435}.Debug|Any CPU.ActiveCfg = Debug|Any CPU
		{562A749B-1BDB-C7DD-404E-93516AC3E435}.Debug|Any CPU.Build.0 = Debug|Any CPU
		{562A749B-1BDB-C7DD-404E-93516AC3E435}.Release|Any CPU.ActiveCfg = Release|Any CPU
		{562A749B-1BDB-C7DD-404E-93516AC3E435}.Release|Any CPU.Build.0 = Release|Any CPU
		{5E699407-AFD7-0759-94AB-B172BAC5FC9A}.Debug|Any CPU.ActiveCfg = Debug|Any CPU
		{5E699407-AFD7-0759-94AB-B172BAC5FC9A}.Debug|Any CPU.Build.0 = Debug|Any CPU
		{5E699407-AFD7-0759-94AB-B172BAC5FC9A}.Release|Any CPU.ActiveCfg = Release|Any CPU
		{5E699407-AFD7-0759-94AB-B172BAC5FC9A}.Release|Any CPU.Build.0 = Release|Any CPU
		{3CB5ED58-2140-E694-6CC5-432ACB329D80}.Debug|Any CPU.ActiveCfg = Debug|Any CPU
		{3CB5ED58-2140-E694-6CC5-432ACB329D80}.Debug|Any CPU.Build.0 = Debug|Any CPU
		{3CB5ED58-2140-E694-6CC5-432ACB329D80}.Release|Any CPU.ActiveCfg = Release|Any CPU
		{3CB5ED58-2140-E694-6CC5-432ACB329D80}.Release|Any CPU.Build.0 = Release|Any CPU
	EndGlobalSection
	GlobalSection(SolutionProperties) = preSolution
		HideSolutionNode = FALSE
	EndGlobalSection
	GlobalSection(ExtensibilityGlobals) = postSolution
		SolutionGuid = {9FDB7A0E-4C23-45B4-BD10-5F59DB512B30}
	EndGlobalSection
EndGlobal
